
Microsoft Visual Studio Solution File, Format Version 12.00
# Visual Studio Version 17
VisualStudioVersion = 17.5.002.0
MinimumVisualStudioVersion = 10.0.40219.1
Project("{9A19103F-16F7-4668-BE54-9A1E7A4F7556}") = "CRUD", "CRUD.csproj", "{FAFF489D-5F93-450F-BE32-4321CDDA71BE}"
EndProject
Global
	GlobalSection(SolutionConfigurationPlatforms) = preSolution
		Debug|Any CPU = Debug|Any CPU
		Release|Any CPU = Release|Any CPU
	EndGlobalSection
	GlobalSection(ProjectConfigurationPlatforms) = postSolution
		{FAFF489D-5F93-450F-BE32-4321CDDA71BE}.Debug|Any CPU.ActiveCfg = Debug|Any CPU
		{FAFF489D-5F93-450F-BE32-4321CDDA71BE}.Debug|Any CPU.Build.0 = Debug|Any CPU
		{FAFF489D-5F93-450F-BE32-4321CDDA71BE}.Release|Any CPU.ActiveCfg = Release|Any CPU
		{FAFF489D-5F93-450F-BE32-4321CDDA71BE}.Release|Any CPU.Build.0 = Release|Any CPU
	EndGlobalSection
	GlobalSection(SolutionProperties) = preSolution
		HideSolutionNode = FALSE
	EndGlobalSection
	GlobalSection(ExtensibilityGlobals) = postSolution
		SolutionGuid = {42AEA674-B87C-41E3-A457-86007412C30A}
	EndGlobalSection
EndGlobal
